
Microsoft Visual Studio Solution File, Format Version 9.00
# Visual Studio 2005
Project("{FAE04EC0-301F-11D3-BF4B-00C04F79EFBC}") = "SmoothScrollableControl", "SmoothScrollableControl\SmoothScrollableControl.csproj", "{542B2244-28E8-465F-B66B-7397BA0D44B5}"
EndProject
Project("{FAE04EC0-301F-11D3-BF4B-00C04F79EFBC}") = "TestSmoothScrollableControl", "TestSmoothScrollableControl\TestSmoothScrollableControl.csproj", "{26EBE901-3F06-4D7E-8D0C-3519E2E9EDD2}"
EndProject
Global
	GlobalSection(SolutionConfigurationPlatforms) = preSolution
		Debug|Any CPU = Debug|Any CPU
		Release|Any CPU = Release|Any CPU
	EndGlobalSection
	GlobalSection(ProjectConfigurationPlatforms) = postSolution
		{542B2244-28E8-465F-B66B-7397BA0D44B5}.Debug|Any CPU.ActiveCfg = Debug|Any CPU
		{542B2244-28E8-465F-B66B-7397BA0D44B5}.Debug|Any CPU.Build.0 = Debug|Any CPU
		{542B2244-28E8-465F-B66B-7397BA0D44B5}.Release|Any CPU.ActiveCfg = Release|Any CPU
		{542B2244-28E8-465F-B66B-7397BA0D44B5}.Release|Any CPU.Build.0 = Release|Any CPU
		{26EBE901-3F06-4D7E-8D0C-3519E2E9EDD2}.Debug|Any CPU.ActiveCfg = Debug|Any CPU
		{26EBE901-3F06-4D7E-8D0C-3519E2E9EDD2}.Debug|Any CPU.Build.0 = Debug|Any CPU
		{26EBE901-3F06-4D7E-8D0C-3519E2E9EDD2}.Release|Any CPU.ActiveCfg = Release|Any CPU
		{26EBE901-3F06-4D7E-8D0C-3519E2E9EDD2}.Release|Any CPU.Build.0 = Release|Any CPU
	EndGlobalSection
	GlobalSection(SolutionProperties) = preSolution
		HideSolutionNode = FALSE
	EndGlobalSection
EndGlobal
