
Microsoft Visual Studio Solution File, Format Version 9.00
# Visual Studio 2005
Project("{FAE04EC0-301F-11D3-BF4B-00C04F79EFBC}") = "Chapter08", "Chapter08.csproj", "{ED59954A-EB7F-4B47-8C48-746DB0289937}"
EndProject
Global
	GlobalSection(SolutionConfigurationPlatforms) = preSolution
		Debug|Any CPU = Debug|Any CPU
		Release|Any CPU = Release|Any CPU
	EndGlobalSection
	GlobalSection(ProjectConfigurationPlatforms) = postSolution
		{ED59954A-EB7F-4B47-8C48-746DB0289937}.Debug|Any CPU.ActiveCfg = Debug|Any CPU
		{ED59954A-EB7F-4B47-8C48-746DB0289937}.Debug|Any CPU.Build.0 = Debug|Any CPU
		{ED59954A-EB7F-4B47-8C48-746DB0289937}.Release|Any CPU.ActiveCfg = Release|Any CPU
		{ED59954A-EB7F-4B47-8C48-746DB0289937}.Release|Any CPU.Build.0 = Release|Any CPU
	EndGlobalSection
	GlobalSection(SolutionProperties) = preSolution
		HideSolutionNode = FALSE
	EndGlobalSection
EndGlobal
