
Microsoft Visual Studio Solution File, Format Version 9.00
# Visual Studio 2005
Project("{FAE04EC0-301F-11D3-BF4B-00C04F79EFBC}") = "DesignDlgNumberTextBox", "DesignDlgNumberTextBox\DesignDlgNumberTextBox.csproj", "{2EC16207-B351-4B17-B2C2-F14E745A62A3}"
EndProject
Project("{FAE04EC0-301F-11D3-BF4B-00C04F79EFBC}") = "TestDesignDlgNumberTextBox", "TestDesignDlgNumberTextBox\TestDesignDlgNumberTextBox.csproj", "{8AE1422A-5F2D-40E6-86CD-C337C3417767}"
EndProject
Global
	GlobalSection(SolutionConfigurationPlatforms) = preSolution
		Debug|Any CPU = Debug|Any CPU
		Release|Any CPU = Release|Any CPU
	EndGlobalSection
	GlobalSection(ProjectConfigurationPlatforms) = postSolution
		{2EC16207-B351-4B17-B2C2-F14E745A62A3}.Debug|Any CPU.ActiveCfg = Debug|Any CPU
		{2EC16207-B351-4B17-B2C2-F14E745A62A3}.Debug|Any CPU.Build.0 = Debug|Any CPU
		{2EC16207-B351-4B17-B2C2-F14E745A62A3}.Release|Any CPU.ActiveCfg = Release|Any CPU
		{2EC16207-B351-4B17-B2C2-F14E745A62A3}.Release|Any CPU.Build.0 = Release|Any CPU
		{8AE1422A-5F2D-40E6-86CD-C337C3417767}.Debug|Any CPU.ActiveCfg = Debug|Any CPU
		{8AE1422A-5F2D-40E6-86CD-C337C3417767}.Debug|Any CPU.Build.0 = Debug|Any CPU
		{8AE1422A-5F2D-40E6-86CD-C337C3417767}.Release|Any CPU.ActiveCfg = Release|Any CPU
		{8AE1422A-5F2D-40E6-86CD-C337C3417767}.Release|Any CPU.Build.0 = Release|Any CPU
	EndGlobalSection
	GlobalSection(SolutionProperties) = preSolution
		HideSolutionNode = FALSE
	EndGlobalSection
EndGlobal
