
Microsoft Visual Studio Solution File, Format Version 9.00
# Visual Studio 2005
Project("{FAE04EC0-301F-11D3-BF4B-00C04F79EFBC}") = "SimplePrintingExample", "SimplePrintingExample.csproj", "{5CA6F9F3-07BB-4C6F-9CEF-DE60F8C4223D}"
EndProject
Global
	GlobalSection(SolutionConfigurationPlatforms) = preSolution
		Debug|Any CPU = Debug|Any CPU
		Release|Any CPU = Release|Any CPU
	EndGlobalSection
	GlobalSection(ProjectConfigurationPlatforms) = postSolution
		{5CA6F9F3-07BB-4C6F-9CEF-DE60F8C4223D}.Debug|Any CPU.ActiveCfg = Debug|Any CPU
		{5CA6F9F3-07BB-4C6F-9CEF-DE60F8C4223D}.Debug|Any CPU.Build.0 = Debug|Any CPU
		{5CA6F9F3-07BB-4C6F-9CEF-DE60F8C4223D}.Release|Any CPU.ActiveCfg = Release|Any CPU
		{5CA6F9F3-07BB-4C6F-9CEF-DE60F8C4223D}.Release|Any CPU.Build.0 = Release|Any CPU
	EndGlobalSection
	GlobalSection(SolutionProperties) = preSolution
		HideSolutionNode = FALSE
	EndGlobalSection
EndGlobal
