
Microsoft Visual Studio Solution File, Format Version 9.00
# Visual Studio 2005
Project("{FAE04EC0-301F-11D3-BF4B-00C04F79EFBC}") = "TrafficLights", "TrafficLights.csproj", "{C71038DB-F277-4627-9B87-0E922EADADCF}"
EndProject
Global
	GlobalSection(SolutionConfigurationPlatforms) = preSolution
		Debug|Any CPU = Debug|Any CPU
		Release|Any CPU = Release|Any CPU
	EndGlobalSection
	GlobalSection(ProjectConfigurationPlatforms) = postSolution
		{C71038DB-F277-4627-9B87-0E922EADADCF}.Debug|Any CPU.ActiveCfg = Debug|Any CPU
		{C71038DB-F277-4627-9B87-0E922EADADCF}.Debug|Any CPU.Build.0 = Debug|Any CPU
		{C71038DB-F277-4627-9B87-0E922EADADCF}.Release|Any CPU.ActiveCfg = Release|Any CPU
		{C71038DB-F277-4627-9B87-0E922EADADCF}.Release|Any CPU.Build.0 = Release|Any CPU
	EndGlobalSection
	GlobalSection(SolutionProperties) = preSolution
		HideSolutionNode = FALSE
	EndGlobalSection
EndGlobal
