
Microsoft Visual Studio Solution File, Format Version 9.00
# Visual Studio 2005
Project("{FAE04EC0-301F-11D3-BF4B-00C04F79EFBC}") = "Chapter05", "Chapter05.csproj", "{B30FCA8A-7142-4A0F-93F1-AAEF4A94F559}"
EndProject
Global
	GlobalSection(SolutionConfigurationPlatforms) = preSolution
		Debug|Any CPU = Debug|Any CPU
		Release|Any CPU = Release|Any CPU
	EndGlobalSection
	GlobalSection(ProjectConfigurationPlatforms) = postSolution
		{B30FCA8A-7142-4A0F-93F1-AAEF4A94F559}.Debug|Any CPU.ActiveCfg = Debug|Any CPU
		{B30FCA8A-7142-4A0F-93F1-AAEF4A94F559}.Debug|Any CPU.Build.0 = Debug|Any CPU
		{B30FCA8A-7142-4A0F-93F1-AAEF4A94F559}.Release|Any CPU.ActiveCfg = Release|Any CPU
		{B30FCA8A-7142-4A0F-93F1-AAEF4A94F559}.Release|Any CPU.Build.0 = Release|Any CPU
	EndGlobalSection
	GlobalSection(SolutionProperties) = preSolution
		HideSolutionNode = FALSE
	EndGlobalSection
EndGlobal
