
Microsoft Visual Studio Solution File, Format Version 9.00
# Visual Studio 2005
Project("{FAE04EC0-301F-11D3-BF4B-00C04F79EFBC}") = "SimpleBlankControl", "SimpleBlankControl\SimpleBlankControl.csproj", "{D4FDCE85-2D9F-42D0-9115-DADF6FB964F3}"
EndProject
Project("{FAE04EC0-301F-11D3-BF4B-00C04F79EFBC}") = "TestSimpleBlankControl", "TestSimpleBlankControl\TestSimpleBlankControl.csproj", "{2929CB2E-921D-449F-A2A7-67B232A734DF}"
EndProject
Global
	GlobalSection(SolutionConfigurationPlatforms) = preSolution
		Debug|Any CPU = Debug|Any CPU
		Release|Any CPU = Release|Any CPU
	EndGlobalSection
	GlobalSection(ProjectConfigurationPlatforms) = postSolution
		{D4FDCE85-2D9F-42D0-9115-DADF6FB964F3}.Debug|Any CPU.ActiveCfg = Debug|Any CPU
		{D4FDCE85-2D9F-42D0-9115-DADF6FB964F3}.Debug|Any CPU.Build.0 = Debug|Any CPU
		{D4FDCE85-2D9F-42D0-9115-DADF6FB964F3}.Release|Any CPU.ActiveCfg = Release|Any CPU
		{D4FDCE85-2D9F-42D0-9115-DADF6FB964F3}.Release|Any CPU.Build.0 = Release|Any CPU
		{2929CB2E-921D-449F-A2A7-67B232A734DF}.Debug|Any CPU.ActiveCfg = Debug|Any CPU
		{2929CB2E-921D-449F-A2A7-67B232A734DF}.Debug|Any CPU.Build.0 = Debug|Any CPU
		{2929CB2E-921D-449F-A2A7-67B232A734DF}.Release|Any CPU.ActiveCfg = Release|Any CPU
		{2929CB2E-921D-449F-A2A7-67B232A734DF}.Release|Any CPU.Build.0 = Release|Any CPU
	EndGlobalSection
	GlobalSection(SolutionProperties) = preSolution
		HideSolutionNode = FALSE
	EndGlobalSection
EndGlobal
