
Microsoft Visual Studio Solution File, Format Version 9.00
# Visual Studio 2005
Project("{FAE04EC0-301F-11D3-BF4B-00C04F79EFBC}") = "FocusableControl", "FocusableControl\FocusableControl.csproj", "{74F94DDD-F9DB-4483-9D73-097F2B090EBC}"
EndProject
Project("{FAE04EC0-301F-11D3-BF4B-00C04F79EFBC}") = "TestFocusableControl", "TestFocusableControl\TestFocusableControl.csproj", "{D9DD4C31-0522-47FC-B189-C1DBAD419627}"
EndProject
Global
	GlobalSection(SolutionConfigurationPlatforms) = preSolution
		Debug|Any CPU = Debug|Any CPU
		Release|Any CPU = Release|Any CPU
	EndGlobalSection
	GlobalSection(ProjectConfigurationPlatforms) = postSolution
		{74F94DDD-F9DB-4483-9D73-097F2B090EBC}.Debug|Any CPU.ActiveCfg = Debug|Any CPU
		{74F94DDD-F9DB-4483-9D73-097F2B090EBC}.Debug|Any CPU.Build.0 = Debug|Any CPU
		{74F94DDD-F9DB-4483-9D73-097F2B090EBC}.Release|Any CPU.ActiveCfg = Release|Any CPU
		{74F94DDD-F9DB-4483-9D73-097F2B090EBC}.Release|Any CPU.Build.0 = Release|Any CPU
		{D9DD4C31-0522-47FC-B189-C1DBAD419627}.Debug|Any CPU.ActiveCfg = Debug|Any CPU
		{D9DD4C31-0522-47FC-B189-C1DBAD419627}.Debug|Any CPU.Build.0 = Debug|Any CPU
		{D9DD4C31-0522-47FC-B189-C1DBAD419627}.Release|Any CPU.ActiveCfg = Release|Any CPU
		{D9DD4C31-0522-47FC-B189-C1DBAD419627}.Release|Any CPU.Build.0 = Release|Any CPU
	EndGlobalSection
	GlobalSection(SolutionProperties) = preSolution
		HideSolutionNode = FALSE
	EndGlobalSection
EndGlobal
