
Microsoft Visual Studio Solution File, Format Version 9.00
# Visual Studio 2005
Project("{FAE04EC0-301F-11D3-BF4B-00C04F79EFBC}") = "DesignNumberTextBox", "DesignNumberTextBox\DesignNumberTextBox.csproj", "{39A8DC4C-221B-4162-BB9D-CCECE290B435}"
EndProject
Project("{FAE04EC0-301F-11D3-BF4B-00C04F79EFBC}") = "TestDesignNumberTextBox", "TestDesignNumberTextBox\TestDesignNumberTextBox.csproj", "{F0E9F341-4624-4C51-8E8E-E490BB52BE20}"
EndProject
Global
	GlobalSection(SolutionConfigurationPlatforms) = preSolution
		Debug|Any CPU = Debug|Any CPU
		Release|Any CPU = Release|Any CPU
	EndGlobalSection
	GlobalSection(ProjectConfigurationPlatforms) = postSolution
		{39A8DC4C-221B-4162-BB9D-CCECE290B435}.Debug|Any CPU.ActiveCfg = Debug|Any CPU
		{39A8DC4C-221B-4162-BB9D-CCECE290B435}.Debug|Any CPU.Build.0 = Debug|Any CPU
		{39A8DC4C-221B-4162-BB9D-CCECE290B435}.Release|Any CPU.ActiveCfg = Release|Any CPU
		{39A8DC4C-221B-4162-BB9D-CCECE290B435}.Release|Any CPU.Build.0 = Release|Any CPU
		{F0E9F341-4624-4C51-8E8E-E490BB52BE20}.Debug|Any CPU.ActiveCfg = Debug|Any CPU
		{F0E9F341-4624-4C51-8E8E-E490BB52BE20}.Debug|Any CPU.Build.0 = Debug|Any CPU
		{F0E9F341-4624-4C51-8E8E-E490BB52BE20}.Release|Any CPU.ActiveCfg = Release|Any CPU
		{F0E9F341-4624-4C51-8E8E-E490BB52BE20}.Release|Any CPU.Build.0 = Release|Any CPU
	EndGlobalSection
	GlobalSection(SolutionProperties) = preSolution
		HideSolutionNode = FALSE
	EndGlobalSection
EndGlobal
