
Microsoft Visual Studio Solution File, Format Version 9.00
# Visual Studio 2005
Project("{FAE04EC0-301F-11D3-BF4B-00C04F79EFBC}") = "BitBltExample", "BitBltExample\BitBltExample.csproj", "{1C73A985-30D5-410D-9814-6B9AD3A8DC7E}"
EndProject
Global
	GlobalSection(SolutionConfigurationPlatforms) = preSolution
		Debug|Any CPU = Debug|Any CPU
		Release|Any CPU = Release|Any CPU
	EndGlobalSection
	GlobalSection(ProjectConfigurationPlatforms) = postSolution
		{1C73A985-30D5-410D-9814-6B9AD3A8DC7E}.Debug|Any CPU.ActiveCfg = Debug|Any CPU
		{1C73A985-30D5-410D-9814-6B9AD3A8DC7E}.Debug|Any CPU.Build.0 = Debug|Any CPU
		{1C73A985-30D5-410D-9814-6B9AD3A8DC7E}.Release|Any CPU.ActiveCfg = Release|Any CPU
		{1C73A985-30D5-410D-9814-6B9AD3A8DC7E}.Release|Any CPU.Build.0 = Release|Any CPU
	EndGlobalSection
	GlobalSection(SolutionProperties) = preSolution
		HideSolutionNode = FALSE
	EndGlobalSection
EndGlobal
